
Microsoft Visual Studio Solution File, Format Version 12.00
# Visual Studio 15
VisualStudioVersion = 15.0.28307.136
MinimumVisualStudioVersion = 10.0.40219.1
Project("{FAE04EC0-301F-11D3-BF4B-00C04F79EFBC}") = "ExcelHelper", "ExcelHelper\ExcelHelper.csproj", "{CA77B3C0-6518-4F81-8819-5C28619B1CE8}"
EndProject
Project("{FAE04EC0-301F-11D3-BF4B-00C04F79EFBC}") = "LogHelper", "LogHelper\LogHelper.csproj", "{FE23A230-D0F3-42D9-94A7-396048021E4A}"
EndProject
Project("{2150E333-8FDC-42A3-9474-1A3956D46DE8}") = "TestClient", "TestClient", "{99584D34-B634-4E87-9EAE-3116057296F4}"
EndProject
Project("{2150E333-8FDC-42A3-9474-1A3956D46DE8}") = "DAL", "DAL", "{669B4D4A-5DED-4B21-A166-03783BF9CCCB}"
EndProject
Project("{FAE04EC0-301F-11D3-BF4B-00C04F79EFBC}") = "ConfigHelper", "ConfigHelper\ConfigHelper.csproj", "{F22157D6-8401-4F6C-8002-1B1DD65CA244}"
EndProject
Project("{FAE04EC0-301F-11D3-BF4B-00C04F79EFBC}") = "LanguageHelper", "LanguageHelper\LanguageHelper.csproj", "{CA372D70-C65F-48EE-9A83-19321D34974B}"
EndProject
Project("{FAE04EC0-301F-11D3-BF4B-00C04F79EFBC}") = "TestClient_IniHelper", "TestClient_FileHelper\TestClient_IniHelper.csproj", "{2823F910-D7F2-4066-9533-3311CC43F0E3}"
EndProject
Project("{FAE04EC0-301F-11D3-BF4B-00C04F79EFBC}") = "TestClient_ReadExcel_MeiKaiLin", "TestClient_ReadExcel_MKL\TestClient_ReadExcel_MeiKaiLin.csproj", "{66793E35-7A00-4418-A6A2-0BF81AAA9491}"
EndProject
Project("{FAE04EC0-301F-11D3-BF4B-00C04F79EFBC}") = "TestClient_XmlHelper", "TestClient_XmlHelper\TestClient_XmlHelper.csproj", "{BC35AC80-C616-43D1-B4BB-56DE4E719DA6}"
EndProject
Global
	GlobalSection(SolutionConfigurationPlatforms) = preSolution
		Debug|Any CPU = Debug|Any CPU
		Release|Any CPU = Release|Any CPU
	EndGlobalSection
	GlobalSection(ProjectConfigurationPlatforms) = postSolution
		{CA77B3C0-6518-4F81-8819-5C28619B1CE8}.Debug|Any CPU.ActiveCfg = Debug|Any CPU
		{CA77B3C0-6518-4F81-8819-5C28619B1CE8}.Debug|Any CPU.Build.0 = Debug|Any CPU
		{CA77B3C0-6518-4F81-8819-5C28619B1CE8}.Release|Any CPU.ActiveCfg = Release|Any CPU
		{CA77B3C0-6518-4F81-8819-5C28619B1CE8}.Release|Any CPU.Build.0 = Release|Any CPU
		{FE23A230-D0F3-42D9-94A7-396048021E4A}.Debug|Any CPU.ActiveCfg = Debug|Any CPU
		{FE23A230-D0F3-42D9-94A7-396048021E4A}.Debug|Any CPU.Build.0 = Debug|Any CPU
		{FE23A230-D0F3-42D9-94A7-396048021E4A}.Release|Any CPU.ActiveCfg = Release|Any CPU
		{FE23A230-D0F3-42D9-94A7-396048021E4A}.Release|Any CPU.Build.0 = Release|Any CPU
		{F22157D6-8401-4F6C-8002-1B1DD65CA244}.Debug|Any CPU.ActiveCfg = Debug|Any CPU
		{F22157D6-8401-4F6C-8002-1B1DD65CA244}.Debug|Any CPU.Build.0 = Debug|Any CPU
		{F22157D6-8401-4F6C-8002-1B1DD65CA244}.Release|Any CPU.ActiveCfg = Release|Any CPU
		{F22157D6-8401-4F6C-8002-1B1DD65CA244}.Release|Any CPU.Build.0 = Release|Any CPU
		{CA372D70-C65F-48EE-9A83-19321D34974B}.Debug|Any CPU.ActiveCfg = Debug|Any CPU
		{CA372D70-C65F-48EE-9A83-19321D34974B}.Debug|Any CPU.Build.0 = Debug|Any CPU
		{CA372D70-C65F-48EE-9A83-19321D34974B}.Release|Any CPU.ActiveCfg = Release|Any CPU
		{CA372D70-C65F-48EE-9A83-19321D34974B}.Release|Any CPU.Build.0 = Release|Any CPU
		{2823F910-D7F2-4066-9533-3311CC43F0E3}.Debug|Any CPU.ActiveCfg = Debug|Any CPU
		{2823F910-D7F2-4066-9533-3311CC43F0E3}.Debug|Any CPU.Build.0 = Debug|Any CPU
		{2823F910-D7F2-4066-9533-3311CC43F0E3}.Release|Any CPU.ActiveCfg = Release|Any CPU
		{2823F910-D7F2-4066-9533-3311CC43F0E3}.Release|Any CPU.Build.0 = Release|Any CPU
		{66793E35-7A00-4418-A6A2-0BF81AAA9491}.Debug|Any CPU.ActiveCfg = Debug|Any CPU
		{66793E35-7A00-4418-A6A2-0BF81AAA9491}.Debug|Any CPU.Build.0 = Debug|Any CPU
		{66793E35-7A00-4418-A6A2-0BF81AAA9491}.Release|Any CPU.ActiveCfg = Release|Any CPU
		{66793E35-7A00-4418-A6A2-0BF81AAA9491}.Release|Any CPU.Build.0 = Release|Any CPU
		{BC35AC80-C616-43D1-B4BB-56DE4E719DA6}.Debug|Any CPU.ActiveCfg = Debug|Any CPU
		{BC35AC80-C616-43D1-B4BB-56DE4E719DA6}.Debug|Any CPU.Build.0 = Debug|Any CPU
		{BC35AC80-C616-43D1-B4BB-56DE4E719DA6}.Release|Any CPU.ActiveCfg = Release|Any CPU
		{BC35AC80-C616-43D1-B4BB-56DE4E719DA6}.Release|Any CPU.Build.0 = Release|Any CPU
	EndGlobalSection
	GlobalSection(SolutionProperties) = preSolution
		HideSolutionNode = FALSE
	EndGlobalSection
	GlobalSection(NestedProjects) = preSolution
		{CA77B3C0-6518-4F81-8819-5C28619B1CE8} = {669B4D4A-5DED-4B21-A166-03783BF9CCCB}
		{FE23A230-D0F3-42D9-94A7-396048021E4A} = {669B4D4A-5DED-4B21-A166-03783BF9CCCB}
		{F22157D6-8401-4F6C-8002-1B1DD65CA244} = {669B4D4A-5DED-4B21-A166-03783BF9CCCB}
		{CA372D70-C65F-48EE-9A83-19321D34974B} = {669B4D4A-5DED-4B21-A166-03783BF9CCCB}
		{2823F910-D7F2-4066-9533-3311CC43F0E3} = {99584D34-B634-4E87-9EAE-3116057296F4}
		{66793E35-7A00-4418-A6A2-0BF81AAA9491} = {99584D34-B634-4E87-9EAE-3116057296F4}
		{BC35AC80-C616-43D1-B4BB-56DE4E719DA6} = {99584D34-B634-4E87-9EAE-3116057296F4}
	EndGlobalSection
	GlobalSection(ExtensibilityGlobals) = postSolution
		SolutionGuid = {1CCA3AC8-C005-478C-BE9F-955A7AB7D222}
	EndGlobalSection
EndGlobal
